{
    "version": 3,
    "terraform_version": "0.11.6",
    "serial": 8,
    "lineage": "f02f2cf2-6e18-32cf-4d5c-665de1d463c7",
    "modules": [
        {
            "path": [
                "root"
            ],
            "outputs": {},
            "resources": {
                "google_compute_address.nebula-in-the-cloud-address": {
                    "type": "google_compute_address",
                    "depends_on": [],
                    "primary": {
                        "id": "projects/flipped-interview/regions/us-central1/addresses/nebula-in-the-cloud-address",
                        "attributes": {
                            "address": "35.192.234.239",
                            "address_type": "EXTERNAL",
                            "id": "projects/flipped-interview/regions/us-central1/addresses/nebula-in-the-cloud-address",
                            "name": "nebula-in-the-cloud-address",
                            "project": "flipped-interview",
                            "region": "us-central1",
                            "self_link": "https://www.googleapis.com/compute/v1/projects/flipped-interview/regions/us-central1/addresses/nebula-in-the-cloud-address",
                            "subnetwork": ""
                        },
                        "meta": {
                            "schema_version": "1"
                        },
                        "tainted": false
                    },
                    "deposed": [],
                    "provider": "provider.google"
                },
                "google_compute_disk.dataset-disk": {
                    "type": "google_compute_disk",
                    "depends_on": [],
                    "primary": {
                        "id": "dataset-disk",
                        "attributes": {
                            "id": "dataset-disk",
                            "image": "",
                            "label_fingerprint": "42WmSpB8rSM=",
                            "labels.%": "0",
                            "name": "dataset-disk",
                            "project": "flipped-interview",
                            "self_link": "https://www.googleapis.com/compute/v1/projects/flipped-interview/zones/us-central1-a/disks/dataset-disk",
                            "size": "10",
                            "snapshot": "",
                            "type": "pd-standard",
                            "users.#": "0",
                            "zone": "us-central1-a"
                        },
                        "meta": {
                            "e2bfb730-ecaa-11e6-8f88-34363bc7c4c0": {
                                "create": 300000000000,
                                "delete": 300000000000,
                                "update": 300000000000
                            }
                        },
                        "tainted": false
                    },
                    "deposed": [],
                    "provider": "provider.google"
                },
                "google_compute_firewall.nebula-in-the-cloud-firewall": {
                    "type": "google_compute_firewall",
                    "depends_on": [],
                    "primary": {
                        "id": "nebula-in-the-cloud-firewall",
                        "attributes": {
                            "allow.#": "1",
                            "allow.2649776924.ports.#": "1",
                            "allow.2649776924.ports.0": "8000",
                            "allow.2649776924.protocol": "tcp",
                            "deny.#": "0",
                            "description": "",
                            "destination_ranges.#": "0",
                            "direction": "INGRESS",
                            "id": "nebula-in-the-cloud-firewall",
                            "name": "nebula-in-the-cloud-firewall",
                            "network": "https://www.googleapis.com/compute/v1/projects/flipped-interview/global/networks/default",
                            "priority": "1000",
                            "project": "flipped-interview",
                            "self_link": "https://www.googleapis.com/compute/v1/projects/flipped-interview/global/firewalls/nebula-in-the-cloud-firewall",
                            "source_ranges.#": "1",
                            "source_ranges.1080289494": "0.0.0.0/0",
                            "source_service_accounts.#": "0",
                            "source_tags.#": "0",
                            "target_service_accounts.#": "0",
                            "target_tags.#": "0"
                        },
                        "meta": {
                            "schema_version": "1"
                        },
                        "tainted": false
                    },
                    "deposed": [],
                    "provider": "provider.google"
                },
                "google_compute_instance.nebula-in-the-cloud": {
                    "type": "google_compute_instance",
                    "depends_on": [
                        "google_compute_address.nebula-in-the-cloud-address",
                        "google_compute_disk.dataset-disk"
                    ],
                    "primary": {
                        "id": "nebula-in-the-cloud",
                        "attributes": {
                            "attached_disk.#": "1",
                            "attached_disk.0.device_name": "persistent-disk-1",
                            "attached_disk.0.disk_encryption_key_raw": "",
                            "attached_disk.0.disk_encryption_key_sha256": "",
                            "attached_disk.0.mode": "READ_WRITE",
                            "attached_disk.0.source": "https://www.googleapis.com/compute/v1/projects/flipped-interview/zones/us-central1-a/disks/dataset-disk",
                            "boot_disk.#": "1",
                            "boot_disk.0.auto_delete": "true",
                            "boot_disk.0.device_name": "persistent-disk-0",
                            "boot_disk.0.disk_encryption_key_raw": "",
                            "boot_disk.0.disk_encryption_key_sha256": "",
                            "boot_disk.0.initialize_params.#": "1",
                            "boot_disk.0.initialize_params.0.image": "https://www.googleapis.com/compute/v1/projects/ubuntu-os-cloud/global/images/ubuntu-1604-xenial-v20180405",
                            "boot_disk.0.initialize_params.0.size": "10",
                            "boot_disk.0.initialize_params.0.type": "pd-standard",
                            "boot_disk.0.source": "https://www.googleapis.com/compute/v1/projects/flipped-interview/zones/us-central1-a/disks/nebula-in-the-cloud",
                            "can_ip_forward": "false",
                            "cpu_platform": "Intel Broadwell",
                            "create_timeout": "4",
                            "deletion_protection": "false",
                            "description": "Look, we're cooking with clouds now!",
                            "guest_accelerator.#": "0",
                            "id": "nebula-in-the-cloud",
                            "instance_id": "2427668663569081605",
                            "label_fingerprint": "42WmSpB8rSM=",
                            "machine_type": "n1-standard-1",
                            "metadata.%": "0",
                            "metadata_fingerprint": "dfbYiYYlBDY=",
                            "metadata_startup_script": "echo \"\u003ch1\u003eHello World!\u003c/h1\u003e\u003cp\u003eYour instance started up correctly!\u003c/p\u003e\" \u003e index.html\npython -m SimpleHTTPServer 8000 \u0026",
                            "min_cpu_platform": "",
                            "name": "nebula-in-the-cloud",
                            "network_interface.#": "1",
                            "network_interface.0.access_config.#": "1",
                            "network_interface.0.access_config.0.assigned_nat_ip": "35.192.234.239",
                            "network_interface.0.access_config.0.nat_ip": "35.192.234.239",
                            "network_interface.0.address": "10.128.0.2",
                            "network_interface.0.alias_ip_range.#": "0",
                            "network_interface.0.name": "nic0",
                            "network_interface.0.network": "https://www.googleapis.com/compute/v1/projects/flipped-interview/global/networks/default",
                            "network_interface.0.network_ip": "10.128.0.2",
                            "network_interface.0.subnetwork": "https://www.googleapis.com/compute/v1/projects/flipped-interview/regions/us-central1/subnetworks/default",
                            "network_interface.0.subnetwork_project": "flipped-interview",
                            "project": "flipped-interview",
                            "scheduling.#": "1",
                            "scheduling.0.automatic_restart": "true",
                            "scheduling.0.on_host_maintenance": "MIGRATE",
                            "scheduling.0.preemptible": "false",
                            "scratch_disk.#": "0",
                            "self_link": "https://www.googleapis.com/compute/v1/projects/flipped-interview/zones/us-central1-a/instances/nebula-in-the-cloud",
                            "service_account.#": "0",
                            "tags.#": "2",
                            "tags.1636932383": "cs398",
                            "tags.3094560777": "mp8",
                            "tags_fingerprint": "kYJro35ADlA=",
                            "zone": "us-central1-a"
                        },
                        "meta": {
                            "e2bfb730-ecaa-11e6-8f88-34363bc7c4c0": {
                                "create": 360000000000,
                                "delete": 360000000000,
                                "update": 360000000000
                            },
                            "schema_version": "6"
                        },
                        "tainted": false
                    },
                    "deposed": [],
                    "provider": "provider.google"
                },
                "google_storage_bucket.cs398-file-storage-ianchin2": {
                    "type": "google_storage_bucket",
                    "depends_on": [],
                    "primary": {
                        "id": "cs398-file-storage-ianchin2",
                        "attributes": {
                            "cors.#": "0",
                            "force_destroy": "false",
                            "id": "cs398-file-storage-ianchin2",
                            "labels.%": "0",
                            "lifecycle_rule.#": "0",
                            "location": "US",
                            "logging.#": "0",
                            "name": "cs398-file-storage-ianchin2",
                            "project": "flipped-interview",
                            "self_link": "https://www.googleapis.com/storage/v1/b/cs398-file-storage-ianchin2",
                            "storage_class": "STANDARD",
                            "url": "gs://cs398-file-storage-ianchin2",
                            "versioning.#": "1",
                            "versioning.0.enabled": "true"
                        },
                        "meta": {},
                        "tainted": false
                    },
                    "deposed": [],
                    "provider": "provider.google"
                }
            },
            "depends_on": []
        }
    ]
}
